{
  "name": "adaptive-memory-multi-model-router",
  "version": "1.9.5",
  "lockfileVersion": 3,
  "requires": true,
  "packages": {
    "": {
      "name": "adaptive-memory-multi-model-router",
      "version": "1.9.5",
      "license": "MIT",
      "dependencies": {
        "nanoid": "^5.1.11"
      },
      "bin": {
        "a3m-router": "dist/cli.js",
        "adaptive-memory-multi-model-router": "dist/cli.js"
      },
      "engines": {
        "node": ">=16.0.0"
      }
    },
    "node_modules/nanoid": {
      "version": "5.1.11",
      "resolved": "https://registry.npmjs.org/nanoid/-/nanoid-5.1.11.tgz",
      "integrity": "sha512-v+KEsUv2ps74PaSKv0gHTxTCgMXOIfBEbaqa6w6ISIGC7ZsvHN4N9oJ8d4cmf0n5oTzQz2SLmThbQWhjd/8eKg==",
      "funding": [
        {
          "type": "github",
          "url": "https://github.com/sponsors/ai"
        }
      ],
      "license": "MIT",
      "bin": {
        "nanoid": "bin/nanoid.js"
      },
      "engines": {
        "node": "^18 || >=20"
      }
    }
  }
}
